
Microsoft Visual Studio Solution File, Format Version 12.00
# Visual Studio Version 16
VisualStudioVersion = 16.0.30907.101
MinimumVisualStudioVersion = 10.0.40219.1
Project("{FAE04EC0-301F-11D3-BF4B-00C04F79EFBC}") = "ContactInformationManagement", "ContactInformationManagement.csproj", "{3089D332-E003-473F-A3D5-B43821C5484F}"
	ProjectSection(ProjectDependencies) = postProject
		{074C0402-6621-47CE-9650-5E1523765188} = {074C0402-6621-47CE-9650-5E1523765188}
		{9AB80D3F-DF6F-4EE6-92C8-DFA3C3998084} = {9AB80D3F-DF6F-4EE6-92C8-DFA3C3998084}
		{D18FF699-7E71-49E9-AFBA-5DC725F56A1A} = {D18FF699-7E71-49E9-AFBA-5DC725F56A1A}
	EndProjectSection
EndProject
Project("{FAE04EC0-301F-11D3-BF4B-00C04F79EFBC}") = "ContactInformationManagement.Business", "..\ContactInformationManagement.Business\ContactInformationManagement.Business.csproj", "{D18FF699-7E71-49E9-AFBA-5DC725F56A1A}"
	ProjectSection(ProjectDependencies) = postProject
		{074C0402-6621-47CE-9650-5E1523765188} = {074C0402-6621-47CE-9650-5E1523765188}
		{9AB80D3F-DF6F-4EE6-92C8-DFA3C3998084} = {9AB80D3F-DF6F-4EE6-92C8-DFA3C3998084}
	EndProjectSection
EndProject
Project("{FAE04EC0-301F-11D3-BF4B-00C04F79EFBC}") = "ContactInformationManagement.DAL", "..\ContactInformationManagement.DAL\ContactInformationManagement.DAL.csproj", "{074C0402-6621-47CE-9650-5E1523765188}"
	ProjectSection(ProjectDependencies) = postProject
		{9AB80D3F-DF6F-4EE6-92C8-DFA3C3998084} = {9AB80D3F-DF6F-4EE6-92C8-DFA3C3998084}
	EndProjectSection
EndProject
Project("{FAE04EC0-301F-11D3-BF4B-00C04F79EFBC}") = "ContactInformationManagement.Common", "..\ContactInformationManagement.Common\ContactInformationManagement.Common.csproj", "{9AB80D3F-DF6F-4EE6-92C8-DFA3C3998084}"
EndProject
Project("{FAE04EC0-301F-11D3-BF4B-00C04F79EFBC}") = "ContactInformationManagement.UnitTest", "..\ContactInformationManagement.UnitTest\ContactInformationManagement.UnitTest.csproj", "{67032F47-5C96-4765-8A3E-2325E6D59067}"
EndProject
Global
	GlobalSection(SolutionConfigurationPlatforms) = preSolution
		Debug|Any CPU = Debug|Any CPU
		Release|Any CPU = Release|Any CPU
	EndGlobalSection
	GlobalSection(ProjectConfigurationPlatforms) = postSolution
		{3089D332-E003-473F-A3D5-B43821C5484F}.Debug|Any CPU.ActiveCfg = Debug|Any CPU
		{3089D332-E003-473F-A3D5-B43821C5484F}.Debug|Any CPU.Build.0 = Debug|Any CPU
		{3089D332-E003-473F-A3D5-B43821C5484F}.Release|Any CPU.ActiveCfg = Release|Any CPU
		{3089D332-E003-473F-A3D5-B43821C5484F}.Release|Any CPU.Build.0 = Release|Any CPU
		{D18FF699-7E71-49E9-AFBA-5DC725F56A1A}.Debug|Any CPU.ActiveCfg = Debug|Any CPU
		{D18FF699-7E71-49E9-AFBA-5DC725F56A1A}.Debug|Any CPU.Build.0 = Debug|Any CPU
		{D18FF699-7E71-49E9-AFBA-5DC725F56A1A}.Release|Any CPU.ActiveCfg = Release|Any CPU
		{D18FF699-7E71-49E9-AFBA-5DC725F56A1A}.Release|Any CPU.Build.0 = Release|Any CPU
		{074C0402-6621-47CE-9650-5E1523765188}.Debug|Any CPU.ActiveCfg = Debug|Any CPU
		{074C0402-6621-47CE-9650-5E1523765188}.Debug|Any CPU.Build.0 = Debug|Any CPU
		{074C0402-6621-47CE-9650-5E1523765188}.Release|Any CPU.ActiveCfg = Release|Any CPU
		{074C0402-6621-47CE-9650-5E1523765188}.Release|Any CPU.Build.0 = Release|Any CPU
		{9AB80D3F-DF6F-4EE6-92C8-DFA3C3998084}.Debug|Any CPU.ActiveCfg = Debug|Any CPU
		{9AB80D3F-DF6F-4EE6-92C8-DFA3C3998084}.Debug|Any CPU.Build.0 = Debug|Any CPU
		{9AB80D3F-DF6F-4EE6-92C8-DFA3C3998084}.Release|Any CPU.ActiveCfg = Release|Any CPU
		{9AB80D3F-DF6F-4EE6-92C8-DFA3C3998084}.Release|Any CPU.Build.0 = Release|Any CPU
		{67032F47-5C96-4765-8A3E-2325E6D59067}.Debug|Any CPU.ActiveCfg = Debug|Any CPU
		{67032F47-5C96-4765-8A3E-2325E6D59067}.Debug|Any CPU.Build.0 = Debug|Any CPU
		{67032F47-5C96-4765-8A3E-2325E6D59067}.Release|Any CPU.ActiveCfg = Release|Any CPU
		{67032F47-5C96-4765-8A3E-2325E6D59067}.Release|Any CPU.Build.0 = Release|Any CPU
	EndGlobalSection
	GlobalSection(SolutionProperties) = preSolution
		HideSolutionNode = FALSE
	EndGlobalSection
	GlobalSection(ExtensibilityGlobals) = postSolution
		SolutionGuid = {AF4CE631-8D04-49D3-9417-C273495B6625}
	EndGlobalSection
EndGlobal
